{
  "name": "nti-web-catalog",
  "version": "0.6.0-alpha",
  "lockfileVersion": 1,
  "requires": true,
  "dependencies": {
    "@nti/react-sticky": {
      "version": "6.1.0",
      "resolved": "https://npm.nextthought.com/@nti%2freact-sticky/-/react-sticky-6.1.0.tgz",
      "integrity": "sha512-zjmMzbIDdcaG4zDEJvbS164Z6wVpKUs/BO3e9j4CRJhTzNBaaxnJvCv9YmZzdNj0tKevCnVGR9rgstC9pdixtA==",
      "requires": {
        "prop-types": "15.6.0",
        "raf": "3.4.0"
      }
    },
    "asap": {
      "version": "2.0.6",
      "resolved": "https://npm.nextthought.com/asap/-/asap-2.0.6.tgz",
      "integrity": "sha1-5QNHYR1+aQlDIIu9r+vLwvuGbUY="
    },
    "btoa": {
      "version": "1.1.2",
      "resolved": "https://npm.nextthought.com/btoa/-/btoa-1.1.2.tgz",
      "integrity": "sha1-PkC4FmP4HS3WWWpMtxSo3BbPq+A="
    },
    "chain-function": {
      "version": "1.0.0",
      "resolved": "https://npm.nextthought.com/chain-function/-/chain-function-1.0.0.tgz",
      "integrity": "sha1-DUqzfn4Y6tC9xHuSB2QRjOWHM9w="
    },
    "classnames": {
      "version": "2.2.5",
      "resolved": "https://npm.nextthought.com/classnames/-/classnames-2.2.5.tgz",
      "integrity": "sha1-+zgB1FNGdknvNgPH1hoCvRKb3m0="
    },
    "core-decorators": {
      "version": "0.20.0",
      "resolved": "https://npm.nextthought.com/core-decorators/-/core-decorators-0.20.0.tgz",
      "integrity": "sha1-YFiWYkBTr4wo775zXCWjAaYcZcU="
    },
    "core-js": {
      "version": "1.2.7",
      "resolved": "https://npm.nextthought.com/core-js/-/core-js-1.2.7.tgz",
      "integrity": "sha1-ZSKUwUZR2yj6k70tX/KYOk8IxjY="
    },
    "counterpart": {
      "version": "0.17.9",
      "resolved": "https://npm.nextthought.com/counterpart/-/counterpart-0.17.9.tgz",
      "integrity": "sha1-A3nk0JC579spxjamB8UuNXNPXxM=",
      "requires": {
        "date-names": "0.1.11",
        "except": "0.1.3",
        "extend": "3.0.1",
        "pluralizers": "0.1.7",
        "sprintf-js": "1.1.1"
      }
    },
    "create-react-class": {
      "version": "15.6.2",
      "resolved": "https://npm.nextthought.com/create-react-class/-/create-react-class-15.6.2.tgz",
      "integrity": "sha1-zx7RXxKq1/FO9fLf4F5sQvke8Co=",
      "requires": {
        "fbjs": "0.8.16",
        "loose-envify": "1.3.1",
        "object-assign": "4.1.1"
      },
      "dependencies": {
        "fbjs": {
          "version": "0.8.16",
          "resolved": "https://npm.nextthought.com/fbjs/-/fbjs-0.8.16.tgz",
          "integrity": "sha1-XmdDL1UNxBtXK/VYR7ispk5TN9s=",
          "requires": {
            "core-js": "1.2.7",
            "isomorphic-fetch": "2.2.1",
            "loose-envify": "1.3.1",
            "object-assign": "4.1.1",
            "promise": "7.3.1",
            "setimmediate": "1.0.5",
            "ua-parser-js": "0.7.17"
          }
        }
      }
    },
    "date-names": {
      "version": "0.1.11",
      "resolved": "https://npm.nextthought.com/date-names/-/date-names-0.1.11.tgz",
      "integrity": "sha512-wr7nOFsDX6IkjFVCk1BDMXRzC93E7S2BJgP81K1wJXKUJuKmDcTeCMLhVyFfdwXUBf6IKpPMcQh4ja2RdG3xOQ=="
    },
    "debug": {
      "version": "2.6.9",
      "resolved": "https://npm.nextthought.com/debug/-/debug-2.6.9.tgz",
      "integrity": "sha512-bC7ElrdJaJnPbAP+1EotYvqZsb3ecl5wi6Bfi6BJTUcNowp6cvspg0jXznRTKDjm/E7AdgFBVeAPVMNcKGsHMA==",
      "requires": {
        "ms": "2.0.0"
      }
    },
    "decode-uri-component": {
      "version": "0.2.0",
      "resolved": "https://npm.nextthought.com/decode-uri-component/-/decode-uri-component-0.2.0.tgz",
      "integrity": "sha1-6zkTMzRYd1y4TNGh+uBiEGu4dUU="
    },
    "disposables": {
      "version": "1.0.1",
      "resolved": "https://npm.nextthought.com/disposables/-/disposables-1.0.1.tgz",
      "integrity": "sha1-BkcnoltU9QK9griaot+4358bOeM="
    },
    "dnd-core": {
      "version": "2.5.4",
      "resolved": "https://npm.nextthought.com/dnd-core/-/dnd-core-2.5.4.tgz",
      "integrity": "sha512-BcI782MfTm3wCxeIS5c7tAutyTwEIANtuu3W6/xkoJRwiqhRXKX3BbGlycUxxyzMsKdvvoavxgrC3EMPFNYL9A==",
      "requires": {
        "asap": "2.0.6",
        "invariant": "2.2.2",
        "lodash": "4.17.4",
        "redux": "3.7.2"
      }
    },
    "dom-helpers": {
      "version": "3.3.1",
      "resolved": "https://npm.nextthought.com/dom-helpers/-/dom-helpers-3.3.1.tgz",
      "integrity": "sha512-2Sm+JaYn74OiTM2wHvxJOo3roiq/h25Yi69Fqk269cNUwIXsCvATB6CRSFC9Am/20G2b28hGv/+7NiWydIrPvg=="
    },
    "eases": {
      "version": "1.0.8",
      "resolved": "https://npm.nextthought.com/eases/-/eases-1.0.8.tgz",
      "integrity": "sha1-8fUGmmtu0upRD5xhEDmNY+/pruY="
    },
    "elementtree": {
      "version": "0.1.7",
      "resolved": "https://npm.nextthought.com/elementtree/-/elementtree-0.1.7.tgz",
      "integrity": "sha1-mskb5uUvtuYkTE5UpKw+2K6OKcA=",
      "requires": {
        "sax": "1.1.4"
      }
    },
    "encoding": {
      "version": "0.1.12",
      "resolved": "https://npm.nextthought.com/encoding/-/encoding-0.1.12.tgz",
      "integrity": "sha1-U4tm8+5izRq1HsMjgp0flIDHS+s=",
      "requires": {
        "iconv-lite": "0.4.19"
      }
    },
    "except": {
      "version": "0.1.3",
      "resolved": "https://npm.nextthought.com/except/-/except-0.1.3.tgz",
      "integrity": "sha1-mCYckZWFUVNrREgiOOl4P7c9KSo=",
      "requires": {
        "indexof": "0.0.1"
      }
    },
    "extend": {
      "version": "3.0.1",
      "resolved": "https://npm.nextthought.com/extend/-/extend-3.0.1.tgz",
      "integrity": "sha1-p1Xqe8Gt/MWjHOfnYtuq3F5jZEQ="
    },
    "fbemitter": {
      "version": "2.1.1",
      "resolved": "https://npm.nextthought.com/fbemitter/-/fbemitter-2.1.1.tgz",
      "integrity": "sha1-Uj4U/a9SSIBbsC9i78M75wP1GGU=",
      "requires": {
        "fbjs": "0.8.16"
      },
      "dependencies": {
        "fbjs": {
          "version": "0.8.16",
          "resolved": "https://npm.nextthought.com/fbjs/-/fbjs-0.8.16.tgz",
          "integrity": "sha1-XmdDL1UNxBtXK/VYR7ispk5TN9s=",
          "requires": {
            "core-js": "1.2.7",
            "isomorphic-fetch": "2.2.1",
            "loose-envify": "1.3.1",
            "object-assign": "4.1.1",
            "promise": "7.3.1",
            "setimmediate": "1.0.5",
            "ua-parser-js": "0.7.17"
          }
        }
      }
    },
    "fbjs": {
      "version": "0.1.0-alpha.7",
      "resolved": "https://npm.nextthought.com/fbjs/-/fbjs-0.1.0-alpha.7.tgz",
      "integrity": "sha1-rUMIuPIy+zxzYDNJ6nJdHpw5Mjw=",
      "requires": {
        "core-js": "1.2.7",
        "promise": "7.3.1",
        "whatwg-fetch": "0.9.0"
      },
      "dependencies": {
        "whatwg-fetch": {
          "version": "0.9.0",
          "resolved": "https://npm.nextthought.com/whatwg-fetch/-/whatwg-fetch-0.9.0.tgz",
          "integrity": "sha1-DjaExsuZlbQ+/J3wPkw2XZX9nMA="
        }
      }
    },
    "filesize": {
      "version": "3.5.11",
      "resolved": "https://npm.nextthought.com/filesize/-/filesize-3.5.11.tgz",
      "integrity": "sha512-ZH7loueKBoDb7yG9esn1U+fgq7BzlzW6NRi5/rMdxIZ05dj7GFD/Xc5rq2CDt5Yq86CyfSYVyx4242QQNZbx1g=="
    },
    "flux": {
      "version": "2.1.1",
      "resolved": "https://npm.nextthought.com/flux/-/flux-2.1.1.tgz",
      "integrity": "sha1-LGrGUtQzdIiWhInGWG86/yajjqQ=",
      "requires": {
        "fbemitter": "2.1.1",
        "fbjs": "0.1.0-alpha.7",
        "immutable": "3.8.2"
      }
    },
    "get-src": {
      "version": "1.0.1",
      "resolved": "https://npm.nextthought.com/get-src/-/get-src-1.0.1.tgz",
      "integrity": "sha1-yhHb5Kk8fzqoXOyV/LCy36qVOe4="
    },
    "get-video-id": {
      "version": "2.1.7",
      "resolved": "https://npm.nextthought.com/get-video-id/-/get-video-id-2.1.7.tgz",
      "integrity": "sha512-uGZbADzdLQgmxFJmYT0tbn63k2gPHDEFos7k/WToE44Wm5NLq9ucZ7FxKFFAJghkuxxJ1lbtGmEKNEKwaMLQkQ==",
      "requires": {
        "get-src": "1.0.1"
      }
    },
    "history": {
      "version": "4.7.2",
      "resolved": "https://npm.nextthought.com/history/-/history-4.7.2.tgz",
      "integrity": "sha512-1zkBRWW6XweO0NBcjiphtVJVsIQ+SXF29z9DVkceeaSLVMFXHool+fdCZD4spDCfZJCILPILc3bm7Bc+HRi0nA==",
      "requires": {
        "invariant": "2.2.2",
        "loose-envify": "1.3.1",
        "resolve-pathname": "2.2.0",
        "value-equal": "0.4.0",
        "warning": "3.0.0"
      }
    },
    "hoist-non-react-statics": {
      "version": "2.3.1",
      "resolved": "https://npm.nextthought.com/hoist-non-react-statics/-/hoist-non-react-statics-2.3.1.tgz",
      "integrity": "sha1-ND24TGAYxlB3iJgkATWhQg7iLOA="
    },
    "iconv-lite": {
      "version": "0.4.19",
      "resolved": "https://npm.nextthought.com/iconv-lite/-/iconv-lite-0.4.19.tgz",
      "integrity": "sha512-oTZqweIP51xaGPI4uPa56/Pri/480R+mo7SeU+YETByQNhDG55ycFyNLIgta9vXhILrxXDmF7ZGhqZIcuN0gJQ=="
    },
    "immutable": {
      "version": "3.8.2",
      "resolved": "https://npm.nextthought.com/immutable/-/immutable-3.8.2.tgz",
      "integrity": "sha1-wkOZUUVbs5kT2vKBN28VMOEErfM="
    },
    "indexof": {
      "version": "0.0.1",
      "resolved": "https://npm.nextthought.com/indexof/-/indexof-0.0.1.tgz",
      "integrity": "sha1-gtwzbSMrkGIXnQWrMpOmYFn9Q10="
    },
    "invariant": {
      "version": "2.2.2",
      "resolved": "https://npm.nextthought.com/invariant/-/invariant-2.2.2.tgz",
      "integrity": "sha1-nh9WrArNtr8wMwbzOL47IErmA2A=",
      "requires": {
        "loose-envify": "1.3.1"
      }
    },
    "is-function": {
      "version": "1.0.1",
      "resolved": "https://npm.nextthought.com/is-function/-/is-function-1.0.1.tgz",
      "integrity": "sha1-Es+5i2W1fdPRk6MSH19uL0N2ArU="
    },
    "is-stream": {
      "version": "1.1.0",
      "resolved": "https://npm.nextthought.com/is-stream/-/is-stream-1.1.0.tgz",
      "integrity": "sha1-EtSj3U5o4Lec6428hBc66A2RykQ="
    },
    "isarray": {
      "version": "0.0.1",
      "resolved": "https://npm.nextthought.com/isarray/-/isarray-0.0.1.tgz",
      "integrity": "sha1-ihis/Kmo9Bd+Cav8YDiTmwXR7t8="
    },
    "isempty": {
      "version": "0.0.1",
      "resolved": "https://npm.nextthought.com/isempty/-/isempty-0.0.1.tgz",
      "integrity": "sha1-ZxUZCIfp3Bnnpyh+CuPLhFRmTUU="
    },
    "isomorphic-fetch": {
      "version": "2.2.1",
      "resolved": "https://npm.nextthought.com/isomorphic-fetch/-/isomorphic-fetch-2.2.1.tgz",
      "integrity": "sha1-YRrhrPFPXoH3KVB0coGf6XM1WKk=",
      "requires": {
        "node-fetch": "1.7.3",
        "whatwg-fetch": "2.0.3"
      }
    },
    "js-tokens": {
      "version": "3.0.2",
      "resolved": "https://npm.nextthought.com/js-tokens/-/js-tokens-3.0.2.tgz",
      "integrity": "sha1-mGbfOVECEw449/mWvOtlRDIJwls="
    },
    "jstimezonedetect": {
      "version": "1.0.6",
      "resolved": "https://npm.nextthought.com/jstimezonedetect/-/jstimezonedetect-1.0.6.tgz",
      "integrity": "sha1-YNMfus2/V69xsGSIfuBA8Vla21I="
    },
    "jump.js": {
      "version": "1.0.2",
      "resolved": "https://npm.nextthought.com/jump.js/-/jump.js-1.0.2.tgz",
      "integrity": "sha1-4GQbR/QKOPITnCX9oFAL8o5DAVo="
    },
    "lodash": {
      "version": "4.17.4",
      "resolved": "https://npm.nextthought.com/lodash/-/lodash-4.17.4.tgz",
      "integrity": "sha1-eCA6TRwyiuHYbcpkYONptX9AVa4="
    },
    "lodash-es": {
      "version": "4.17.4",
      "resolved": "https://npm.nextthought.com/lodash-es/-/lodash-es-4.17.4.tgz",
      "integrity": "sha1-3MHXVS4VCgZABzupyzHXDwMpUOc="
    },
    "loose-envify": {
      "version": "1.3.1",
      "resolved": "https://npm.nextthought.com/loose-envify/-/loose-envify-1.3.1.tgz",
      "integrity": "sha1-0aitM/qc4OcT1l/dCsi3SNR4yEg=",
      "requires": {
        "js-tokens": "3.0.2"
      }
    },
    "media-typer": {
      "version": "0.3.0",
      "resolved": "https://npm.nextthought.com/media-typer/-/media-typer-0.3.0.tgz",
      "integrity": "sha1-hxDXrwqmJvj/+hzgAWhUUmMlV0g="
    },
    "mime-db": {
      "version": "1.30.0",
      "resolved": "https://npm.nextthought.com/mime-db/-/mime-db-1.30.0.tgz",
      "integrity": "sha1-dMZD2i3Z1qRTmZY0ZbJtXKfXHwE="
    },
    "mime-types": {
      "version": "2.1.17",
      "resolved": "https://npm.nextthought.com/mime-types/-/mime-types-2.1.17.tgz",
      "integrity": "sha1-Cdejk/A+mVp5+K+Fe3Cp4KsWVXo=",
      "requires": {
        "mime-db": "1.30.0"
      }
    },
    "moment": {
      "version": "2.20.1",
      "resolved": "https://npm.nextthought.com/moment/-/moment-2.20.1.tgz",
      "integrity": "sha512-Yh9y73JRljxW5QxN08Fner68eFLxM5ynNOAw2LbIB1YAGeQzZT8QFSUvkAz609Zf+IHhhaUxqZK8dG3W/+HEvg=="
    },
    "moment-timezone": {
      "version": "0.5.14",
      "resolved": "https://npm.nextthought.com/moment-timezone/-/moment-timezone-0.5.14.tgz",
      "integrity": "sha1-TrOP+VOLgBCLpGekWPPtQmjM/LE=",
      "requires": {
        "moment": "2.20.1"
      }
    },
    "ms": {
      "version": "2.0.0",
      "resolved": "https://npm.nextthought.com/ms/-/ms-2.0.0.tgz",
      "integrity": "sha1-VgiurfwAvmwpAd9fmGF4jeDVl8g="
    },
    "node-fetch": {
      "version": "1.7.3",
      "resolved": "https://npm.nextthought.com/node-fetch/-/node-fetch-1.7.3.tgz",
      "integrity": "sha512-NhZ4CsKx7cYm2vSrBAr2PvFOe6sWDf0UYLRqA6svUYg7+/TSfVAu49jYC4BvQ4Sms9SZgdqGBgroqfDhJdTyKQ==",
      "requires": {
        "encoding": "0.1.12",
        "is-stream": "1.1.0"
      }
    },
    "nti-commons": {
      "version": "2.10.0",
      "resolved": "https://npm.nextthought.com/nti-commons/-/nti-commons-2.10.0.tgz",
      "integrity": "sha512-13RFxJ5UAri3oCGVJJGMeUgw23++Jund7Fjje+go+lp0wQTuUGayvAcfVulS7nUY1APbNnIgqXyepenOYBEGEw==",
      "requires": {
        "isempty": "0.0.1",
        "media-typer": "0.3.0",
        "nti-lib-ntiids": "1.0.3",
        "nti-util-logger": "1.1.2",
        "query-string": "5.0.1",
        "uuid": "3.1.0"
      }
    },
    "nti-lib-decorators": {
      "version": "1.2.2",
      "resolved": "https://npm.nextthought.com/nti-lib-decorators/-/nti-lib-decorators-1.2.2.tgz",
      "integrity": "sha512-3+D2klmEiSE9JL60ffiZvZRV2T+mIB/Z0bp8qKYt96o+Le7W5F4vvo1mDjdLl8+dCeW5Y9CciQTFJl2V1sT/gA==",
      "requires": {
        "core-decorators": "0.20.0",
        "nti-util-logger": "1.1.2"
      }
    },
    "nti-lib-dispatcher": {
      "version": "1.0.0",
      "resolved": "https://npm.nextthought.com/nti-lib-dispatcher/-/nti-lib-dispatcher-1.0.0.tgz",
      "integrity": "sha1-Kyd0JDNmvSkoZs7d0aO67i6NYHg=",
      "requires": {
        "flux": "2.1.1",
        "invariant": "2.2.2"
      }
    },
    "nti-lib-dom": {
      "version": "1.8.2",
      "resolved": "https://npm.nextthought.com/nti-lib-dom/-/nti-lib-dom-1.8.2.tgz",
      "integrity": "sha512-lpjQKx+Voxomr/Q9bAtpkNTCmqO9/TeQj7tqr7mHUQ0gONq65kGwbj3o06U8xAg+CRFMJLaqjpq/EWzjL0nWyg==",
      "requires": {
        "nti-commons": "2.10.0",
        "nti-util-detection-touch": "1.1.0",
        "nti-util-logger": "1.1.2",
        "scrollparent": "1.0.2"
      }
    },
    "nti-lib-interfaces": {
      "version": "1.71.0",
      "resolved": "https://npm.nextthought.com/nti-lib-interfaces/-/nti-lib-interfaces-1.71.0.tgz",
      "integrity": "sha512-+hlCmT1cy5pUQcEkV3EAOazTZls4Yr5s7i11D3dvDq8U08WCllSb0p6x0gKCEjCVsXmSSelMmLhjBaahnsF33Q==",
      "requires": {
        "btoa": "1.1.2",
        "elementtree": "0.1.7",
        "get-video-id": "2.1.7",
        "invariant": "2.2.2",
        "is-function": "1.0.1",
        "isempty": "0.0.1",
        "mime-types": "2.1.17",
        "moment": "2.20.1",
        "nti-commons": "2.10.0",
        "nti-lib-decorators": "1.2.2",
        "nti-lib-ntiids": "1.0.3",
        "nti-util-logger": "1.1.2",
        "query-string": "5.0.1",
        "uuid": "3.1.0"
      }
    },
    "nti-lib-locale": {
      "version": "1.1.0",
      "resolved": "https://npm.nextthought.com/nti-lib-locale/-/nti-lib-locale-1.1.0.tgz",
      "integrity": "sha512-xwZ1A/ik9ui6FfsCS31XH3bHmBjRr8I7+FnjSCYdTN3jr//6MjUtPYkhWp0Lddyqwb7fFfIf4wO9L1X3MQ86fQ==",
      "requires": {
        "counterpart": "0.17.9"
      }
    },
    "nti-lib-ntiids": {
      "version": "1.0.3",
      "resolved": "https://npm.nextthought.com/nti-lib-ntiids/-/nti-lib-ntiids-1.0.3.tgz",
      "integrity": "sha1-90BsmATvStgSxqt8ev2Oh/3NQZE="
    },
    "nti-lib-store": {
      "version": "1.1.0",
      "resolved": "https://npm.nextthought.com/nti-lib-store/-/nti-lib-store-1.1.0.tgz",
      "integrity": "sha512-edpCHIfsAR1JJx3s5SV99AZER4uI7kQ6LOGOGxumcjwmEPUieIF8uEBG61mz9/RQF3kfx7UjjVeqSg+T/XFukA==",
      "requires": {
        "invariant": "2.2.2",
        "nti-lib-dispatcher": "1.0.0",
        "nti-lib-store-connector": "0.4.0",
        "nti-util-logger": "1.1.2",
        "react": "16.2.0"
      },
      "dependencies": {
        "fbjs": {
          "version": "0.8.16",
          "resolved": "https://npm.nextthought.com/fbjs/-/fbjs-0.8.16.tgz",
          "integrity": "sha1-XmdDL1UNxBtXK/VYR7ispk5TN9s=",
          "requires": {
            "core-js": "1.2.7",
            "isomorphic-fetch": "2.2.1",
            "loose-envify": "1.3.1",
            "object-assign": "4.1.1",
            "promise": "7.3.1",
            "setimmediate": "1.0.5",
            "ua-parser-js": "0.7.17"
          }
        },
        "react": {
          "version": "16.2.0",
          "resolved": "https://npm.nextthought.com/react/-/react-16.2.0.tgz",
          "integrity": "sha512-ZmIomM7EE1DvPEnSFAHZn9Vs9zJl5A9H7el0EGTE6ZbW9FKe/14IYAlPbC8iH25YarEQxZL+E8VW7Mi7kfQrDQ==",
          "requires": {
            "fbjs": "0.8.16",
            "loose-envify": "1.3.1",
            "object-assign": "4.1.1",
            "prop-types": "15.6.0"
          }
        }
      }
    },
    "nti-lib-store-connector": {
      "version": "0.4.0",
      "resolved": "https://npm.nextthought.com/nti-lib-store-connector/-/nti-lib-store-connector-0.4.0.tgz",
      "integrity": "sha512-+ncOXNBaliKYiEXqRr7r8bDx1W/cJEAoI8+Q1FVKOSWDKrCvw+MOro48AFCK8lhRbefBYeQC/qrD7VgjgQjTJg==",
      "requires": {
        "nti-commons": "2.10.0",
        "prop-types": "15.6.0",
        "react": "15.6.2"
      }
    },
    "nti-style-common": {
      "version": "1.4.0",
      "resolved": "https://npm.nextthought.com/nti-style-common/-/nti-style-common-1.4.0.tgz",
      "integrity": "sha512-eqGWbfZGyzmknsYyBKbZMLgRNgZrpYxNsPUDAc7EY/lucDEVk3tcmOlRlOC721BdMESg7Vq+JrBi78vI4ZlyEw=="
    },
    "nti-util-detection-touch": {
      "version": "1.1.0",
      "resolved": "https://npm.nextthought.com/nti-util-detection-touch/-/nti-util-detection-touch-1.1.0.tgz",
      "integrity": "sha1-tiz3+LRB7o36NIfmjttGSxyy0YQ="
    },
    "nti-util-ios-version": {
      "version": "1.0.1",
      "resolved": "https://npm.nextthought.com/nti-util-ios-version/-/nti-util-ios-version-1.0.1.tgz",
      "integrity": "sha1-rpZgVHpHcVPskYqI7W3MVXZ+DqY="
    },
    "nti-util-logger": {
      "version": "1.1.2",
      "resolved": "https://npm.nextthought.com/nti-util-logger/-/nti-util-logger-1.1.2.tgz",
      "integrity": "sha1-oXsWVeH0ZTE1/BAKouRjpHXxPcs=",
      "requires": {
        "debug": "2.6.9"
      }
    },
    "nti-web-client": {
      "version": "1.2.0",
      "resolved": "https://npm.nextthought.com/nti-web-client/-/nti-web-client-1.2.0.tgz",
      "integrity": "sha512-Nfl3hNx0DK2hn5sBdPQl4M037yJrkNZ8unJj+xV0HUhNFdC9SBBknUa02TBE4dYhyEm1z/LEKt8Qkce++P5bzQ==",
      "requires": {
        "nti-lib-interfaces": "1.71.0",
        "nti-util-logger": "1.1.2",
        "query-string": "5.0.1"
      }
    },
    "nti-web-commons": {
      "version": "0.21.0",
      "resolved": "https://npm.nextthought.com/nti-web-commons/-/nti-web-commons-0.21.0.tgz",
      "integrity": "sha512-tzUD41J20M/HpiUh6xMj1gNScr95X0m/qe14OV52U/C2rqEVwR1djIgBXuLmQYyRtHMTNuCIQM+MMQzxv8uESQ==",
      "requires": {
        "@nti/react-sticky": "6.1.0",
        "classnames": "2.2.5",
        "create-react-class": "15.6.2",
        "eases": "1.0.8",
        "filesize": "3.5.11",
        "invariant": "2.2.2",
        "isempty": "0.0.1",
        "jstimezonedetect": "1.0.6",
        "jump.js": "1.0.2",
        "mime-types": "2.1.17",
        "moment": "2.20.1",
        "moment-timezone": "0.5.14",
        "nti-commons": "2.10.0",
        "nti-lib-dom": "1.8.2",
        "nti-lib-interfaces": "1.71.0",
        "nti-lib-locale": "1.1.0",
        "nti-lib-ntiids": "1.0.3",
        "nti-util-detection-touch": "1.1.0",
        "nti-util-ios-version": "1.0.1",
        "nti-util-logger": "1.1.2",
        "nti-web-client": "1.2.0",
        "nti-web-storage": "1.0.0",
        "prop-types": "15.6.0",
        "react-day-picker": "6.2.1",
        "react-dnd": "2.5.4",
        "react-dnd-html5-backend": "2.5.4",
        "react-dnd-touch-backend": "0.3.19",
        "react-transition-group": "1.2.1",
        "zpad": "0.5.0"
      }
    },
    "nti-web-routing": {
      "version": "0.3.0",
      "resolved": "https://npm.nextthought.com/nti-web-routing/-/nti-web-routing-0.3.0.tgz",
      "integrity": "sha512-FlJdw/RHqlpFunfp4oMmgNHJ/i+ZX9F8o0TNoywkWg326uFVeSmZVO5edGgPc6AMjw77LxlKsoLp3/OKFzFPyQ==",
      "requires": {
        "history": "4.7.2",
        "nti-lib-ntiids": "1.0.3",
        "react-router": "4.2.0",
        "react-router-dom": "4.2.2"
      }
    },
    "nti-web-search": {
      "version": "0.3.0",
      "resolved": "https://npm.nextthought.com/nti-web-search/-/nti-web-search-0.3.0.tgz",
      "integrity": "sha512-Fi8TIjtmtoTx4vI7xZfogkN+5c1SU9KMRxuFBOmUY0xKosEz7QO9L+M5ouefno1UnFyjnQjlz3qJNx8EAtqZIA==",
      "requires": {
        "classnames": "2.2.5",
        "nti-commons": "2.10.0",
        "nti-lib-locale": "1.1.0",
        "nti-lib-store-connector": "0.4.0",
        "nti-style-common": "1.4.0",
        "nti-util-logger": "1.1.2",
        "nti-web-commons": "0.21.0",
        "prop-types": "15.6.0"
      }
    },
    "nti-web-storage": {
      "version": "1.0.0",
      "resolved": "https://npm.nextthought.com/nti-web-storage/-/nti-web-storage-1.0.0.tgz",
      "integrity": "sha1-bh4kXePmMV7LDzSNr8PWcIS+jO8=",
      "requires": {
        "nti-util-logger": "1.1.2"
      }
    },
    "object-assign": {
      "version": "4.1.1",
      "resolved": "https://npm.nextthought.com/object-assign/-/object-assign-4.1.1.tgz",
      "integrity": "sha1-IQmtx5ZYh8/AXLvUQsrIv7s2CGM="
    },
    "path-to-regexp": {
      "version": "1.7.0",
      "resolved": "https://npm.nextthought.com/path-to-regexp/-/path-to-regexp-1.7.0.tgz",
      "integrity": "sha1-Wf3g9DW62suhA6hOnTvGTpa5k30=",
      "requires": {
        "isarray": "0.0.1"
      }
    },
    "performance-now": {
      "version": "2.1.0",
      "resolved": "https://npm.nextthought.com/performance-now/-/performance-now-2.1.0.tgz",
      "integrity": "sha1-Ywn04OX6kT7BxpMHrjZLSzd8nns="
    },
    "pluralizers": {
      "version": "0.1.7",
      "resolved": "https://npm.nextthought.com/pluralizers/-/pluralizers-0.1.7.tgz",
      "integrity": "sha512-mw6AejUiCaMQ6uPN9ObjJDTnR5AnBSmnHHy3uVTbxrSFSxO5scfwpTs8Dxyb6T2v7GSulhvOq+pm9y+hXUvtOA=="
    },
    "promise": {
      "version": "7.3.1",
      "resolved": "https://npm.nextthought.com/promise/-/promise-7.3.1.tgz",
      "integrity": "sha512-nolQXZ/4L+bP/UGlkfaIujX9BKxGwmQ9OT4mOt5yvy8iK1h3wqTEJCijzGANTCCl9nWjY41juyAn2K3Q1hLLTg==",
      "requires": {
        "asap": "2.0.6"
      }
    },
    "prop-types": {
      "version": "15.6.0",
      "resolved": "https://npm.nextthought.com/prop-types/-/prop-types-15.6.0.tgz",
      "integrity": "sha1-zq8IMCL8RrSjX2nhPvda7Q1jmFY=",
      "requires": {
        "fbjs": "0.8.16",
        "loose-envify": "1.3.1",
        "object-assign": "4.1.1"
      },
      "dependencies": {
        "fbjs": {
          "version": "0.8.16",
          "resolved": "https://npm.nextthought.com/fbjs/-/fbjs-0.8.16.tgz",
          "integrity": "sha1-XmdDL1UNxBtXK/VYR7ispk5TN9s=",
          "requires": {
            "core-js": "1.2.7",
            "isomorphic-fetch": "2.2.1",
            "loose-envify": "1.3.1",
            "object-assign": "4.1.1",
            "promise": "7.3.1",
            "setimmediate": "1.0.5",
            "ua-parser-js": "0.7.17"
          }
        }
      }
    },
    "query-string": {
      "version": "5.0.1",
      "resolved": "https://npm.nextthought.com/query-string/-/query-string-5.0.1.tgz",
      "integrity": "sha512-aM+MkQClojlNiKkO09tiN2Fv8jM/L7GWIjG2liWeKljlOdOPNWr+bW3KQ+w5V/uKprpezC7fAsAMsJtJ+2rLKA==",
      "requires": {
        "decode-uri-component": "0.2.0",
        "object-assign": "4.1.1",
        "strict-uri-encode": "1.1.0"
      }
    },
    "raf": {
      "version": "3.4.0",
      "resolved": "https://npm.nextthought.com/raf/-/raf-3.4.0.tgz",
      "integrity": "sha512-pDP/NMRAXoTfrhCfyfSEwJAKLaxBU9eApMeBPB1TkDouZmvPerIClV8lTAd+uF8ZiTaVl69e1FCxQrAd/VTjGw==",
      "requires": {
        "performance-now": "2.1.0"
      }
    },
    "react": {
      "version": "15.6.2",
      "resolved": "https://npm.nextthought.com/react/-/react-15.6.2.tgz",
      "integrity": "sha1-26BDSrQ5z+gvEI8PURZjkIF5qnI=",
      "requires": {
        "create-react-class": "15.6.2",
        "fbjs": "0.8.16",
        "loose-envify": "1.3.1",
        "object-assign": "4.1.1",
        "prop-types": "15.6.0"
      },
      "dependencies": {
        "fbjs": {
          "version": "0.8.16",
          "resolved": "https://npm.nextthought.com/fbjs/-/fbjs-0.8.16.tgz",
          "integrity": "sha1-XmdDL1UNxBtXK/VYR7ispk5TN9s=",
          "requires": {
            "core-js": "1.2.7",
            "isomorphic-fetch": "2.2.1",
            "loose-envify": "1.3.1",
            "object-assign": "4.1.1",
            "promise": "7.3.1",
            "setimmediate": "1.0.5",
            "ua-parser-js": "0.7.17"
          }
        }
      }
    },
    "react-day-picker": {
      "version": "6.2.1",
      "resolved": "https://npm.nextthought.com/react-day-picker/-/react-day-picker-6.2.1.tgz",
      "integrity": "sha1-/CK4Cdt5I4bRRo0/RtclrZHgTbk=",
      "requires": {
        "object-assign": "4.1.1",
        "prop-types": "15.6.0"
      }
    },
    "react-dnd": {
      "version": "2.5.4",
      "resolved": "https://npm.nextthought.com/react-dnd/-/react-dnd-2.5.4.tgz",
      "integrity": "sha512-y9YmnusURc+3KPgvhYKvZ9oCucj51MSZWODyaeV0KFU0cquzA7dCD1g/OIYUKtNoZ+MXtacDngkdud2TklMSjw==",
      "requires": {
        "disposables": "1.0.1",
        "dnd-core": "2.5.4",
        "hoist-non-react-statics": "2.3.1",
        "invariant": "2.2.2",
        "lodash": "4.17.4",
        "prop-types": "15.6.0"
      }
    },
    "react-dnd-html5-backend": {
      "version": "2.5.4",
      "resolved": "https://npm.nextthought.com/react-dnd-html5-backend/-/react-dnd-html5-backend-2.5.4.tgz",
      "integrity": "sha512-jDqAkm/hI8Tl4HcsbhkBgB6HgpJR1e+ML1SbfxaegXYiuMxEVQm0FOwEH5WxUoo6fmIG4N+H0rSm59POuZOCaA==",
      "requires": {
        "lodash": "4.17.4"
      }
    },
    "react-dnd-touch-backend": {
      "version": "0.3.19",
      "resolved": "https://npm.nextthought.com/react-dnd-touch-backend/-/react-dnd-touch-backend-0.3.19.tgz",
      "integrity": "sha512-bZ8MXOUo+0vMtujFMWNlRnKSar0p3zckPfeOMhdvpeFbC5nkac3/exiuUKMfC+2Jn54Qc85sG7QebfBrBcJ0Jw==",
      "requires": {
        "invariant": "2.2.2",
        "react-dnd": "2.5.4"
      }
    },
    "react-router": {
      "version": "4.2.0",
      "resolved": "https://npm.nextthought.com/react-router/-/react-router-4.2.0.tgz",
      "integrity": "sha512-DY6pjwRhdARE4TDw7XjxjZsbx9lKmIcyZoZ+SDO7SBJ1KUeWNxT22Kara2AC7u6/c2SYEHlEDLnzBCcNhLE8Vg==",
      "requires": {
        "history": "4.7.2",
        "hoist-non-react-statics": "2.3.1",
        "invariant": "2.2.2",
        "loose-envify": "1.3.1",
        "path-to-regexp": "1.7.0",
        "prop-types": "15.6.0",
        "warning": "3.0.0"
      }
    },
    "react-router-dom": {
      "version": "4.2.2",
      "resolved": "https://npm.nextthought.com/react-router-dom/-/react-router-dom-4.2.2.tgz",
      "integrity": "sha512-cHMFC1ZoLDfEaMFoKTjN7fry/oczMgRt5BKfMAkTu5zEuJvUiPp1J8d0eXSVTnBh6pxlbdqDhozunOOLtmKfPA==",
      "requires": {
        "history": "4.7.2",
        "invariant": "2.2.2",
        "loose-envify": "1.3.1",
        "prop-types": "15.6.0",
        "react-router": "4.2.0",
        "warning": "3.0.0"
      }
    },
    "react-transition-group": {
      "version": "1.2.1",
      "resolved": "https://npm.nextthought.com/react-transition-group/-/react-transition-group-1.2.1.tgz",
      "integrity": "sha512-CWaL3laCmgAFdxdKbhhps+c0HRGF4c+hdM4H23+FI1QBNUyx/AMeIJGWorehPNSaKnQNOAxL7PQmqMu78CDj3Q==",
      "requires": {
        "chain-function": "1.0.0",
        "dom-helpers": "3.3.1",
        "loose-envify": "1.3.1",
        "prop-types": "15.6.0",
        "warning": "3.0.0"
      }
    },
    "redux": {
      "version": "3.7.2",
      "resolved": "https://npm.nextthought.com/redux/-/redux-3.7.2.tgz",
      "integrity": "sha512-pNqnf9q1hI5HHZRBkj3bAngGZW/JMCmexDlOxw4XagXY2o1327nHH54LoTjiPJ0gizoqPDRqWyX/00g0hD6w+A==",
      "requires": {
        "lodash": "4.17.4",
        "lodash-es": "4.17.4",
        "loose-envify": "1.3.1",
        "symbol-observable": "1.1.0"
      }
    },
    "resolve-pathname": {
      "version": "2.2.0",
      "resolved": "https://npm.nextthought.com/resolve-pathname/-/resolve-pathname-2.2.0.tgz",
      "integrity": "sha512-bAFz9ld18RzJfddgrO2e/0S2O81710++chRMUxHjXOYKF6jTAMrUNZrEZ1PvV0zlhfjidm08iRPdTLPno1FuRg=="
    },
    "sax": {
      "version": "1.1.4",
      "resolved": "https://npm.nextthought.com/sax/-/sax-1.1.4.tgz",
      "integrity": "sha1-dLbTPJrh4AFRDxeakRaFiPGu2qk="
    },
    "scrollparent": {
      "version": "1.0.2",
      "resolved": "https://npm.nextthought.com/scrollparent/-/scrollparent-1.0.2.tgz",
      "integrity": "sha1-bfAseyMUMesDCDZMmpo+XSeNxTg="
    },
    "setimmediate": {
      "version": "1.0.5",
      "resolved": "https://npm.nextthought.com/setimmediate/-/setimmediate-1.0.5.tgz",
      "integrity": "sha1-KQy7Iy4waULX1+qbg3Mqt4VvgoU="
    },
    "sprintf-js": {
      "version": "1.1.1",
      "resolved": "https://npm.nextthought.com/sprintf-js/-/sprintf-js-1.1.1.tgz",
      "integrity": "sha1-Nr54Mgr+WAH2zqPueLblqrlA6gw="
    },
    "strict-uri-encode": {
      "version": "1.1.0",
      "resolved": "https://npm.nextthought.com/strict-uri-encode/-/strict-uri-encode-1.1.0.tgz",
      "integrity": "sha1-J5siXfHVgrH1TmWt3UNS4Y+qBxM="
    },
    "symbol-observable": {
      "version": "1.1.0",
      "resolved": "https://npm.nextthought.com/symbol-observable/-/symbol-observable-1.1.0.tgz",
      "integrity": "sha512-dQoid9tqQ+uotGhuTKEY11X4xhyYePVnqGSoSm3OGKh2E8LZ6RPULp1uXTctk33IeERlrRJYoVSBglsL05F5Uw=="
    },
    "ua-parser-js": {
      "version": "0.7.17",
      "resolved": "https://npm.nextthought.com/ua-parser-js/-/ua-parser-js-0.7.17.tgz",
      "integrity": "sha512-uRdSdu1oA1rncCQL7sCj8vSyZkgtL7faaw9Tc9rZ3mGgraQ7+Pdx7w5mnOSF3gw9ZNG6oc+KXfkon3bKuROm0g=="
    },
    "uuid": {
      "version": "3.1.0",
      "resolved": "https://npm.nextthought.com/uuid/-/uuid-3.1.0.tgz",
      "integrity": "sha512-DIWtzUkw04M4k3bf1IcpS2tngXEL26YUD2M0tMDUpnUrz2hgzUBlD55a4FjdLGPvfHxS6uluGWvaVEqgBcVa+g=="
    },
    "value-equal": {
      "version": "0.4.0",
      "resolved": "https://npm.nextthought.com/value-equal/-/value-equal-0.4.0.tgz",
      "integrity": "sha512-x+cYdNnaA3CxvMaTX0INdTCN8m8aF2uY9BvEqmxuYp8bL09cs/kWVQPVGcA35fMktdOsP69IgU7wFj/61dJHEw=="
    },
    "warning": {
      "version": "3.0.0",
      "resolved": "https://npm.nextthought.com/warning/-/warning-3.0.0.tgz",
      "integrity": "sha1-MuU3fLVy3kqwR1O9+IIcAe1gW3w=",
      "requires": {
        "loose-envify": "1.3.1"
      }
    },
    "whatwg-fetch": {
      "version": "2.0.3",
      "resolved": "https://npm.nextthought.com/whatwg-fetch/-/whatwg-fetch-2.0.3.tgz",
      "integrity": "sha1-nITsLc9oGH/wC8ZOEnS0QhduHIQ="
    },
    "zpad": {
      "version": "0.5.0",
      "resolved": "https://npm.nextthought.com/zpad/-/zpad-0.5.0.tgz",
      "integrity": "sha1-4yVbPwwtUzhRSmRN7fpbhEd57cQ="
    }
  }
}
